{
  "object": {
    "pins": [
      {
        "package": "PathKit",
        "repositoryURL": "https://github.com/HeMet/PathKit.git",
        "state": {
          "branch": "win-support",
          "revision": "e9276b544e58b47f4c263a37aac0a808464aa51c",
          "version": null
        }
      },
      {
        "package": "Spectre",
        "repositoryURL": "https://github.com/HeMet/Spectre.git",
        "state": {
          "branch": "win-support",
          "revision": "f0a197e17236de6bbba14c7031a80ea69d615ad5",
          "version": null
        }
      }
    ]
  },
  "version": 1
}
